{
    "hash": "ee1f8b6f788934334700abcb1e80ed7c",
    "packages": [
        {
            "package": "dantleech/trainer-bundle",
            "version": "dev-master",
            "source-reference": "2485d80bcbef7de3571503e4524b2a21155e093b"
        },
        {
            "package": "doctrine/common",
            "version": "2.2.1"
        },
        {
            "package": "doctrine/data-fixtures",
            "version": "dev-master",
            "source-reference": "aea0b95a554188892f10d8f09ce3ae8150f28f8b"
        },
        {
            "package": "doctrine/dbal",
            "version": "2.2.1"
        },
        {
            "package": "doctrine/doctrine-bundle",
            "version": "dev-master",
            "source-reference": "dd3d35dd28e864fb908a70f8b206d1209aa2c333"
        },
        {
            "package": "doctrine/doctrine-fixtures-bundle",
            "version": "dev-master",
            "source-reference": "33b267d3068d6c2f8daa0b417285cf76e7f82fc4"
        },
        {
            "package": "doctrine/mongodb",
            "version": "dev-master",
            "source-reference": "727a12d25ba12d18aa293bc6eb61f203a9545912"
        },
        {
            "package": "doctrine/mongodb-odm",
            "version": "dev-master",
            "source-reference": "00d5bfea63eddff1a1d3d0d0209b5848343cd604"
        },
        {
            "package": "doctrine/mongodb-odm-bundle",
            "version": "dev-master",
            "source-reference": "1216358f8210f326ea51a31baa26951e557b6fe3"
        },
        {
            "package": "doctrine/orm",
            "version": "2.2.1"
        },
        {
            "package": "friendsofsymfony/user-bundle",
            "version": "dev-master",
            "source-reference": "b706553b4f7784c56398088a0d050bd92dd6c4ac"
        },
        {
            "package": "monolog/monolog",
            "version": "1.0.2"
        },
        {
            "package": "mopa/bootstrap-bundle",
            "version": "dev-master",
            "source-reference": "ced50a352d8796ada4d5449c290b8ea82b1db57f"
        },
        {
            "package": "sensio/distribution-bundle",
            "version": "dev-master",
            "source-reference": "38be63ebb45cc1fbeaff3f2bdf6d0ed216305a24"
        },
        {
            "package": "sensio/generator-bundle",
            "version": "dev-master",
            "source-reference": "06d07e0514d310be8d5630bfd93637136991c30c"
        },
        {
            "package": "swiftmailer/swiftmailer",
            "version": "4.1.6"
        },
        {
            "package": "symfony/monolog-bundle",
            "version": "dev-master",
            "source-reference": "289442e385e7c0fe4aa2e8884d11e774a8f9ad99"
        },
        {
            "package": "symfony/swiftmailer-bridge",
            "version": "dev-master",
            "source-reference": "23b8d5c049bb3dfb67ec04bbea09464da27c4ec7"
        },
        {
            "package": "symfony/swiftmailer-bundle",
            "version": "dev-master",
            "source-reference": "75f8f95c201922a966274547131b33291d15d51b"
        },
        {
            "package": "symfony/symfony",
            "version": "dev-master",
            "source-reference": "13aa515d65e0f9ceeb70fb197abf0bbd9f6e91ca",
            "alias": "2.1.9999999.9999999-dev"
        },
        {
            "package": "twig/twig",
            "version": "1.6.4"
        },
        {
            "package": "twitter/bootstrap",
            "version": "master",
            "source-reference": "master"
        }
    ],
    "aliases": []
}
