symfony 06a90bb91ec43972ccb8607b83bb338d690996a2
twig 2527c6564b2c7727cd71bfee252e7429a68a9672
monolog 20066e28117769ee38fbe974042e975172007a23
doctrine-common 48bfab0c536ee0190eb8abc27a1354f2760a879b
doctrine-dbal f62b4a5d286dedf228db156d65efe862fa4302b4
doctrine 180dbbad8b3c8724da99a12ffc53a28df0a50b36
swiftmailer 3304927fe86466534a4a3e14a4741bda64a0eaef
assetic c05d4c4a9df27d16f710b136b6c590f46b430870
twig-extensions 6b0cc16934b6e62ef07c8d2e59f9f13ff3193d3d
metadata 72f11b8ed7725f76a6bcb41d94dc25190b5283f8
SensioFrameworkExtraBundle bced40d4d123f5171f888d6e56bb638b8c2a5e57
JMSSecurityExtraBundle 936892c9735f76037393639f1410773715bf403c
WebConfiguratorBundle 301419e7900bfaac2f029af868e31075b147abcf
AsseticBundle 9c1b7269a4517d1ae94af2dc0d6d6fc4b31e6c10
DoctrineMongoDBBundle 8a9fb48693fdd23167453df0d08ad11e20572003
doctrine-mongodb-odm 4b8597d56b44b0cef9856e1a12312855663eafec
doctrine-mongodb 5645300539e976bab19fbb64fcdcb76fcfde4f13
doctrine-fixtures 4a8464ef83093de2378cef2770e13da7e4858ffc
DoctrineFixturesBundle d0d6a6e4fbbea44ab1ab7d4a107b7818d9562010
blueprint 9bf9513439d8fbc53814a398f3f9060f42dd4eda
FOSUserBundle a0bc260c4f6641c26aab0e517d9907d500ece9e4