symfony cd7fa4277d72e2f08259ce799fa59c8b8e2e2ffa
twig 112a16bfde364dbc7d9455e859c9d883174b1c4d
monolog b704c49a3051536f67f2d39f13568f74615b9922
doctrine-common 5c0f88af0f0de86de5581f6fce44782f5622670d
doctrine-dbal 7101ecd7428e38a0c2edd1a5f23ab3c37ea48423
doctrine c6a3ff4da54e904311e87a2fcaa37906aed61582
swiftmailer 3304927fe86466534a4a3e14a4741bda64a0eaef
assetic b9998182cd11049ac23ca30b1a2601d3c05dd341
twig-extensions eba4f5d572bec05c72a47bbd73ba0a3330cf8f54
metadata b633dd5cf8997c27e8a4942108aede2a998606a5
SensioFrameworkExtraBundle b6565d32d71325be1f56943a8758b18f5999de8c
SensioDistributionBundle a186b53154bc137a65802ef567e4a2eee2082d21
WebConfiguratorBundle 301419e7900bfaac2f029af868e31075b147abcf
AsseticBundle bf731e4169343afaaf2225e6490ef8f738d8a45f
DoctrineMongoDBBundle c65d834fd169e7bd245a043b0b2156575a6fb83a
doctrine-mongodb-odm a81cfd1044e2295e0e244f3bb93a0ecb57b65148
doctrine-mongodb 85a573991ba96971b20fc9651f627d249e55d68a
doctrine-fixtures 3ef3f667cc7a4552beee2fc4abefd4da1a43557c
DoctrineFixturesBundle a66be2f077f3a4e5c3801b356b42b8782f1abbd6
blueprint 9bf9513439d8fbc53814a398f3f9060f42dd4eda
FOSUserBundle 47f3a7a522f2892c8e12d529e9af041888f044aa
TrainerBundle cad9e0fb9659fe9c8ac5cc6da31fee2f57a9771b