symfony e136718ed6c13681ccab7a27d8eeae1c8f4c824d
twig 112a16bfde364dbc7d9455e859c9d883174b1c4d
monolog f2abbf3f7c2873ac3e341fa72792cae9763dd868
doctrine-common 5c0f88af0f0de86de5581f6fce44782f5622670d
doctrine-dbal 0f3f87693324d4bfe4f7abd61617658ed15726c6
doctrine 1666d59da49b017163896dd6e70d25773a021de6
swiftmailer 3304927fe86466534a4a3e14a4741bda64a0eaef
assetic 0a5d14cc01e38ab4906df2a3051711d6351d1c6d
twig-extensions 6b0cc16934b6e62ef07c8d2e59f9f13ff3193d3d
metadata bd7cc8c00f9ef805411842789c49bcb6ec31f1e6
SensioFrameworkExtraBundle bced40d4d123f5171f888d6e56bb638b8c2a5e57
SensioDistributionBundle 029151792beac272548fe9df183e15b9be521870
JMSSecurityExtraBundle f9fbc5da0d464a3764ef7bf6d7988fbb7b883d6a
WebConfiguratorBundle 301419e7900bfaac2f029af868e31075b147abcf
AsseticBundle 9c1b7269a4517d1ae94af2dc0d6d6fc4b31e6c10
DoctrineMongoDBBundle c65d834fd169e7bd245a043b0b2156575a6fb83a
doctrine-mongodb-odm f426b8b8cb71c577c4e08bfca7062617cb3077ef
doctrine-mongodb 5645300539e976bab19fbb64fcdcb76fcfde4f13
doctrine-fixtures 4a8464ef83093de2378cef2770e13da7e4858ffc
DoctrineFixturesBundle d0d6a6e4fbbea44ab1ab7d4a107b7818d9562010
blueprint 9bf9513439d8fbc53814a398f3f9060f42dd4eda
FOSUserBundle fd08269bcf4308705bc0ce05aaae611b475a726b